// !$*UTF8*$!
{
	archiveVersion = 1;
	classes = {
	};
	objectVersion = 51;
	objects = {

/* Begin PBXBuildFile section */
		8AF9EAC084B53B67BAE405BC /* Pods_VKClient.framework in Frameworks */ = {isa = PBXBuildFile; fileRef = 93A529F6D01C96ADC20B9B82 /* Pods_VKClient.framework */; };
		B0594AD123FB0BFF00F2C4E6 /* NewsItem.swift in Sources */ = {isa = PBXBuildFile; fileRef = B0594AD023FB0BFF00F2C4E6 /* NewsItem.swift */; };
		F40A809B23E1FBF500C17708 /* GroupRepository.swift in Sources */ = {isa = PBXBuildFile; fileRef = F40A809A23E1FBF500C17708 /* GroupRepository.swift */; };
		F41494772389D21E005C55E3 /* LoadView.swift in Sources */ = {isa = PBXBuildFile; fileRef = F41494762389D21E005C55E3 /* LoadView.swift */; };
		F41494792389D380005C55E3 /* AnimationLoadViewController.swift in Sources */ = {isa = PBXBuildFile; fileRef = F41494782389D380005C55E3 /* AnimationLoadViewController.swift */; };
		F421679E23DDF6A100F600D3 /* UserRepository.swift in Sources */ = {isa = PBXBuildFile; fileRef = F421679D23DDF6A100F600D3 /* UserRepository.swift */; };
		F429DA09236626010020B95A /* MyFriendProfileController.swift in Sources */ = {isa = PBXBuildFile; fileRef = F429DA08236626010020B95A /* MyFriendProfileController.swift */; };
		F429DA0B2366271B0020B95A /* FriendProfileCell.swift in Sources */ = {isa = PBXBuildFile; fileRef = F429DA0A2366271B0020B95A /* FriendProfileCell.swift */; };
		F42AEB6D235E258D00CA08D1 /* UIViewController+Extensions.swift in Sources */ = {isa = PBXBuildFile; fileRef = F42AEB6C235E258D00CA08D1 /* UIViewController+Extensions.swift */; };
		F42C4D7724461197006B159D /* WebKit.framework in Frameworks */ = {isa = PBXBuildFile; fileRef = F42C4D7624461197006B159D /* WebKit.framework */; };
		F43EC10F23D3705E002267B8 /* Photo.swift in Sources */ = {isa = PBXBuildFile; fileRef = F43EC10E23D3705E002267B8 /* Photo.swift */; };
		F43EC11123D37068002267B8 /* GroupsRealm.swift in Sources */ = {isa = PBXBuildFile; fileRef = F43EC11023D37068002267B8 /* GroupsRealm.swift */; };
		F446D58723713ADF00A1EE56 /* LikeControl.swift in Sources */ = {isa = PBXBuildFile; fileRef = F446D58623713ADF00A1EE56 /* LikeControl.swift */; };
		F44E50512379DD800003B96B /* FriendXibCell.swift in Sources */ = {isa = PBXBuildFile; fileRef = F44E504F2379DD800003B96B /* FriendXibCell.swift */; };
		F44E50522379DD800003B96B /* FriendXibCell.xib in Resources */ = {isa = PBXBuildFile; fileRef = F44E50502379DD800003B96B /* FriendXibCell.xib */; };
		F45378F323CE3728005C22C3 /* NewLoginController.swift in Sources */ = {isa = PBXBuildFile; fileRef = F45378F223CE3728005C22C3 /* NewLoginController.swift */; };
		F460871B23870FD0006C40F1 /* NewsViewController.swift in Sources */ = {isa = PBXBuildFile; fileRef = F460871A23870FD0006C40F1 /* NewsViewController.swift */; };
		F460871D23871125006C40F1 /* NewsViewCell.swift in Sources */ = {isa = PBXBuildFile; fileRef = F460871C23871125006C40F1 /* NewsViewCell.swift */; };
		F49374A2236367DB0056C8F3 /* MyGroupsController.swift in Sources */ = {isa = PBXBuildFile; fileRef = F49374A1236367DB0056C8F3 /* MyGroupsController.swift */; };
		F49374A42363681C0056C8F3 /* FriendsController.swift in Sources */ = {isa = PBXBuildFile; fileRef = F49374A32363681C0056C8F3 /* FriendsController.swift */; };
		F49374A8236379670056C8F3 /* Friend.swift in Sources */ = {isa = PBXBuildFile; fileRef = F49374A7236379670056C8F3 /* Friend.swift */; };
		F49374AA236386D30056C8F3 /* GroupCell.swift in Sources */ = {isa = PBXBuildFile; fileRef = F49374A9236386D30056C8F3 /* GroupCell.swift */; };
		F49374AC236387EA0056C8F3 /* GroupsItem.swift in Sources */ = {isa = PBXBuildFile; fileRef = F49374AB236387EA0056C8F3 /* GroupsItem.swift */; };
		F49374AE236388C20056C8F3 /* AllGroupsController.swift in Sources */ = {isa = PBXBuildFile; fileRef = F49374AD236388C20056C8F3 /* AllGroupsController.swift */; };
		F4B0BD1023CA51040031A10D /* Session.swift in Sources */ = {isa = PBXBuildFile; fileRef = F4B0BD0F23CA51040031A10D /* Session.swift */; };
		F4BFE28C23D376A2002D27AD /* User.swift in Sources */ = {isa = PBXBuildFile; fileRef = F4BFE28B23D376A2002D27AD /* User.swift */; };
		F4E7243F23D3014F006DBACC /* VKApi.swift in Sources */ = {isa = PBXBuildFile; fileRef = F4E7243E23D3014F006DBACC /* VKApi.swift */; };
		F4F0EF5E235A41C7003410B9 /* AppDelegate.swift in Sources */ = {isa = PBXBuildFile; fileRef = F4F0EF5D235A41C7003410B9 /* AppDelegate.swift */; };
		F4F0EF60235A41C7003410B9 /* SceneDelegate.swift in Sources */ = {isa = PBXBuildFile; fileRef = F4F0EF5F235A41C7003410B9 /* SceneDelegate.swift */; };
		F4F0EF62235A41C7003410B9 /* LoginController.swift in Sources */ = {isa = PBXBuildFile; fileRef = F4F0EF61235A41C7003410B9 /* LoginController.swift */; };
		F4F0EF65235A41C7003410B9 /* Main.storyboard in Resources */ = {isa = PBXBuildFile; fileRef = F4F0EF63235A41C7003410B9 /* Main.storyboard */; };
		F4F0EF67235A41C7003410B9 /* Assets.xcassets in Resources */ = {isa = PBXBuildFile; fileRef = F4F0EF66235A41C7003410B9 /* Assets.xcassets */; };
		F4F0EF6A235A41C7003410B9 /* LaunchScreen.storyboard in Resources */ = {isa = PBXBuildFile; fileRef = F4F0EF68235A41C7003410B9 /* LaunchScreen.storyboard */; };
		F4F144B323EB0C0C0002AFFA /* GoogleService-Info.plist in Resources */ = {isa = PBXBuildFile; fileRef = F4F144B223EB0C0C0002AFFA /* GoogleService-Info.plist */; };
		F4FF3FF923E4ABA700FF2051 /* CommonResponse.swift in Sources */ = {isa = PBXBuildFile; fileRef = F4FF3FF823E4ABA700FF2051 /* CommonResponse.swift */; };
/* End PBXBuildFile section */

/* Begin PBXFileReference section */
		3BC58F991E6960EEA1497BF6 /* Pods-VKClient.release.xcconfig */ = {isa = PBXFileReference; includeInIndex = 1; lastKnownFileType = text.xcconfig; name = "Pods-VKClient.release.xcconfig"; path = "Target Support Files/Pods-VKClient/Pods-VKClient.release.xcconfig"; sourceTree = "<group>"; };
		93A529F6D01C96ADC20B9B82 /* Pods_VKClient.framework */ = {isa = PBXFileReference; explicitFileType = wrapper.framework; includeInIndex = 0; path = Pods_VKClient.framework; sourceTree = BUILT_PRODUCTS_DIR; };
		B0594AD023FB0BFF00F2C4E6 /* NewsItem.swift */ = {isa = PBXFileReference; lastKnownFileType = sourcecode.swift; path = NewsItem.swift; sourceTree = "<group>"; };
		BA56AD59D14A686CD412D203 /* Pods-VKClient.debug.xcconfig */ = {isa = PBXFileReference; includeInIndex = 1; lastKnownFileType = text.xcconfig; name = "Pods-VKClient.debug.xcconfig"; path = "Target Support Files/Pods-VKClient/Pods-VKClient.debug.xcconfig"; sourceTree = "<group>"; };
		F40A809A23E1FBF500C17708 /* GroupRepository.swift */ = {isa = PBXFileReference; lastKnownFileType = sourcecode.swift; path = GroupRepository.swift; sourceTree = "<group>"; };
		F41494762389D21E005C55E3 /* LoadView.swift */ = {isa = PBXFileReference; lastKnownFileType = sourcecode.swift; path = LoadView.swift; sourceTree = "<group>"; };
		F41494782389D380005C55E3 /* AnimationLoadViewController.swift */ = {isa = PBXFileReference; lastKnownFileType = sourcecode.swift; path = AnimationLoadViewController.swift; sourceTree = "<group>"; };
		F421679D23DDF6A100F600D3 /* UserRepository.swift */ = {isa = PBXFileReference; lastKnownFileType = sourcecode.swift; path = UserRepository.swift; sourceTree = "<group>"; };
		F429DA08236626010020B95A /* MyFriendProfileController.swift */ = {isa = PBXFileReference; lastKnownFileType = sourcecode.swift; path = MyFriendProfileController.swift; sourceTree = "<group>"; };
		F429DA0A2366271B0020B95A /* FriendProfileCell.swift */ = {isa = PBXFileReference; lastKnownFileType = sourcecode.swift; path = FriendProfileCell.swift; sourceTree = "<group>"; };
		F42AEB6C235E258D00CA08D1 /* UIViewController+Extensions.swift */ = {isa = PBXFileReference; lastKnownFileType = sourcecode.swift; path = "UIViewController+Extensions.swift"; sourceTree = "<group>"; };
		F42C4D7624461197006B159D /* WebKit.framework */ = {isa = PBXFileReference; lastKnownFileType = wrapper.framework; name = WebKit.framework; path = System/Library/Frameworks/WebKit.framework; sourceTree = SDKROOT; };
		F43EC10E23D3705E002267B8 /* Photo.swift */ = {isa = PBXFileReference; lastKnownFileType = sourcecode.swift; path = Photo.swift; sourceTree = "<group>"; };
		F43EC11023D37068002267B8 /* GroupsRealm.swift */ = {isa = PBXFileReference; lastKnownFileType = sourcecode.swift; path = GroupsRealm.swift; sourceTree = "<group>"; };
		F446D58623713ADF00A1EE56 /* LikeControl.swift */ = {isa = PBXFileReference; lastKnownFileType = sourcecode.swift; path = LikeControl.swift; sourceTree = "<group>"; };
		F44E504F2379DD800003B96B /* FriendXibCell.swift */ = {isa = PBXFileReference; lastKnownFileType = sourcecode.swift; path = FriendXibCell.swift; sourceTree = "<group>"; };
		F44E50502379DD800003B96B /* FriendXibCell.xib */ = {isa = PBXFileReference; lastKnownFileType = file.xib; path = FriendXibCell.xib; sourceTree = "<group>"; };
		F45378F223CE3728005C22C3 /* NewLoginController.swift */ = {isa = PBXFileReference; lastKnownFileType = sourcecode.swift; path = NewLoginController.swift; sourceTree = "<group>"; };
		F460871A23870FD0006C40F1 /* NewsViewController.swift */ = {isa = PBXFileReference; lastKnownFileType = sourcecode.swift; path = NewsViewController.swift; sourceTree = "<group>"; };
		F460871C23871125006C40F1 /* NewsViewCell.swift */ = {isa = PBXFileReference; lastKnownFileType = sourcecode.swift; path = NewsViewCell.swift; sourceTree = "<group>"; };
		F49374A1236367DB0056C8F3 /* MyGroupsController.swift */ = {isa = PBXFileReference; lastKnownFileType = sourcecode.swift; path = MyGroupsController.swift; sourceTree = "<group>"; };
		F49374A32363681C0056C8F3 /* FriendsController.swift */ = {isa = PBXFileReference; lastKnownFileType = sourcecode.swift; path = FriendsController.swift; sourceTree = "<group>"; };
		F49374A7236379670056C8F3 /* Friend.swift */ = {isa = PBXFileReference; lastKnownFileType = sourcecode.swift; path = Friend.swift; sourceTree = "<group>"; };
		F49374A9236386D30056C8F3 /* GroupCell.swift */ = {isa = PBXFileReference; lastKnownFileType = sourcecode.swift; path = GroupCell.swift; sourceTree = "<group>"; };
		F49374AB236387EA0056C8F3 /* GroupsItem.swift */ = {isa = PBXFileReference; lastKnownFileType = sourcecode.swift; path = GroupsItem.swift; sourceTree = "<group>"; };
		F49374AD236388C20056C8F3 /* AllGroupsController.swift */ = {isa = PBXFileReference; lastKnownFileType = sourcecode.swift; path = AllGroupsController.swift; sourceTree = "<group>"; };
		F4B0BD0F23CA51040031A10D /* Session.swift */ = {isa = PBXFileReference; lastKnownFileType = sourcecode.swift; path = Session.swift; sourceTree = "<group>"; };
		F4BFE28B23D376A2002D27AD /* User.swift */ = {isa = PBXFileReference; lastKnownFileType = sourcecode.swift; path = User.swift; sourceTree = "<group>"; };
		F4E7243E23D3014F006DBACC /* VKApi.swift */ = {isa = PBXFileReference; lastKnownFileType = sourcecode.swift; path = VKApi.swift; sourceTree = "<group>"; };
		F4F0EF5A235A41C7003410B9 /* VKClient.app */ = {isa = PBXFileReference; explicitFileType = wrapper.application; includeInIndex = 0; path = VKClient.app; sourceTree = BUILT_PRODUCTS_DIR; };
		F4F0EF5D235A41C7003410B9 /* AppDelegate.swift */ = {isa = PBXFileReference; lastKnownFileType = sourcecode.swift; path = AppDelegate.swift; sourceTree = "<group>"; };
		F4F0EF5F235A41C7003410B9 /* SceneDelegate.swift */ = {isa = PBXFileReference; lastKnownFileType = sourcecode.swift; path = SceneDelegate.swift; sourceTree = "<group>"; };
		F4F0EF61235A41C7003410B9 /* LoginController.swift */ = {isa = PBXFileReference; lastKnownFileType = sourcecode.swift; path = LoginController.swift; sourceTree = "<group>"; };
		F4F0EF64235A41C7003410B9 /* Base */ = {isa = PBXFileReference; lastKnownFileType = file.storyboard; name = Base; path = Base.lproj/Main.storyboard; sourceTree = "<group>"; };
		F4F0EF66235A41C7003410B9 /* Assets.xcassets */ = {isa = PBXFileReference; lastKnownFileType = folder.assetcatalog; path = Assets.xcassets; sourceTree = "<group>"; };
		F4F0EF69235A41C7003410B9 /* Base */ = {isa = PBXFileReference; lastKnownFileType = file.storyboard; name = Base; path = Base.lproj/LaunchScreen.storyboard; sourceTree = "<group>"; };
		F4F0EF6B235A41C7003410B9 /* Info.plist */ = {isa = PBXFileReference; lastKnownFileType = text.plist.xml; path = Info.plist; sourceTree = "<group>"; };
		F4F144B223EB0C0C0002AFFA /* GoogleService-Info.plist */ = {isa = PBXFileReference; fileEncoding = 4; lastKnownFileType = text.plist.xml; path = "GoogleService-Info.plist"; sourceTree = "<group>"; };
		F4FF3FF823E4ABA700FF2051 /* CommonResponse.swift */ = {isa = PBXFileReference; lastKnownFileType = sourcecode.swift; path = CommonResponse.swift; sourceTree = "<group>"; };
/* End PBXFileReference section */

/* Begin PBXFrameworksBuildPhase section */
		F4F0EF57235A41C7003410B9 /* Frameworks */ = {
			isa = PBXFrameworksBuildPhase;
			buildActionMask = 2147483647;
			files = (
				F42C4D7724461197006B159D /* WebKit.framework in Frameworks */,
				8AF9EAC084B53B67BAE405BC /* Pods_VKClient.framework in Frameworks */,
			);
			runOnlyForDeploymentPostprocessing = 0;
		};
/* End PBXFrameworksBuildPhase section */

/* Begin PBXGroup section */
		396628FAB433FD116DF9800E /* Pods */ = {
			isa = PBXGroup;
			children = (
				BA56AD59D14A686CD412D203 /* Pods-VKClient.debug.xcconfig */,
				3BC58F991E6960EEA1497BF6 /* Pods-VKClient.release.xcconfig */,
			);
			path = Pods;
			sourceTree = "<group>";
		};
		F28A944CC22EA3B55545981A /* Frameworks */ = {
			isa = PBXGroup;
			children = (
				F42C4D7624461197006B159D /* WebKit.framework */,
				93A529F6D01C96ADC20B9B82 /* Pods_VKClient.framework */,
			);
			name = Frameworks;
			sourceTree = "<group>";
		};
		F42C4D7524460C7E006B159D /* LoginControllers */ = {
			isa = PBXGroup;
			children = (
				F4F0EF61235A41C7003410B9 /* LoginController.swift */,
				F45378F223CE3728005C22C3 /* NewLoginController.swift */,
			);
			path = LoginControllers;
			sourceTree = "<group>";
		};
		F460CC4124475455005F5056 /* GroupsControllers */ = {
			isa = PBXGroup;
			children = (
				F49374A1236367DB0056C8F3 /* MyGroupsController.swift */,
				F49374AD236388C20056C8F3 /* AllGroupsController.swift */,
			);
			path = GroupsControllers;
			sourceTree = "<group>";
		};
		F460CC4224475459005F5056 /* FriendsControllers */ = {
			isa = PBXGroup;
			children = (
				F49374A32363681C0056C8F3 /* FriendsController.swift */,
				F429DA08236626010020B95A /* MyFriendProfileController.swift */,
			);
			path = FriendsControllers;
			sourceTree = "<group>";
		};
		F460CC4324475576005F5056 /* FriendsViews */ = {
			isa = PBXGroup;
			children = (
				F429DA0A2366271B0020B95A /* FriendProfileCell.swift */,
				F44E504F2379DD800003B96B /* FriendXibCell.swift */,
				F44E50502379DD800003B96B /* FriendXibCell.xib */,
			);
			path = FriendsViews;
			sourceTree = "<group>";
		};
		F48DC28F23669F8900D2DC49 /* Model */ = {
			isa = PBXGroup;
			children = (
				F40A809A23E1FBF500C17708 /* GroupRepository.swift */,
				F43EC11023D37068002267B8 /* GroupsRealm.swift */,
				F49374AB236387EA0056C8F3 /* GroupsItem.swift */,
				F421679D23DDF6A100F600D3 /* UserRepository.swift */,
				F4E7244023D33907006DBACC /* API */,
				F49374A7236379670056C8F3 /* Friend.swift */,
				B0594AD023FB0BFF00F2C4E6 /* NewsItem.swift */,
				F4B0BD0F23CA51040031A10D /* Session.swift */,
				F4FF3FF823E4ABA700FF2051 /* CommonResponse.swift */,
			);
			path = Model;
			sourceTree = "<group>";
		};
		F48DC29023669FA100D2DC49 /* View */ = {
			isa = PBXGroup;
			children = (
				F41494762389D21E005C55E3 /* LoadView.swift */,
				F460CC4324475576005F5056 /* FriendsViews */,
				F49374A9236386D30056C8F3 /* GroupCell.swift */,
				F446D58623713ADF00A1EE56 /* LikeControl.swift */,
				F460871C23871125006C40F1 /* NewsViewCell.swift */,
			);
			path = View;
			sourceTree = "<group>";
		};
		F48DC29123669FBD00D2DC49 /* Controller */ = {
			isa = PBXGroup;
			children = (
				F42C4D7524460C7E006B159D /* LoginControllers */,
				F41494782389D380005C55E3 /* AnimationLoadViewController.swift */,
				F460CC4124475455005F5056 /* GroupsControllers */,
				F460CC4224475459005F5056 /* FriendsControllers */,
				F460871A23870FD0006C40F1 /* NewsViewController.swift */,
			);
			path = Controller;
			sourceTree = "<group>";
		};
		F48DC29223669FF800D2DC49 /* Helpers */ = {
			isa = PBXGroup;
			children = (
				F42AEB6C235E258D00CA08D1 /* UIViewController+Extensions.swift */,
			);
			path = Helpers;
			sourceTree = "<group>";
		};
		F48DC2932366A02400D2DC49 /* Resources */ = {
			isa = PBXGroup;
			children = (
				F4F0EF63235A41C7003410B9 /* Main.storyboard */,
				F4F0EF66235A41C7003410B9 /* Assets.xcassets */,
				F4F0EF68235A41C7003410B9 /* LaunchScreen.storyboard */,
			);
			path = Resources;
			sourceTree = "<group>";
		};
		F4E7244023D33907006DBACC /* API */ = {
			isa = PBXGroup;
			children = (
				F4E7243E23D3014F006DBACC /* VKApi.swift */,
				F43EC10E23D3705E002267B8 /* Photo.swift */,
				F4BFE28B23D376A2002D27AD /* User.swift */,
			);
			path = API;
			sourceTree = "<group>";
		};
		F4F0EF51235A41C7003410B9 = {
			isa = PBXGroup;
			children = (
				F4F0EF5C235A41C7003410B9 /* VKClient */,
				F4F0EF5B235A41C7003410B9 /* Products */,
				396628FAB433FD116DF9800E /* Pods */,
				F28A944CC22EA3B55545981A /* Frameworks */,
			);
			sourceTree = "<group>";
		};
		F4F0EF5B235A41C7003410B9 /* Products */ = {
			isa = PBXGroup;
			children = (
				F4F0EF5A235A41C7003410B9 /* VKClient.app */,
			);
			name = Products;
			sourceTree = "<group>";
		};
		F4F0EF5C235A41C7003410B9 /* VKClient */ = {
			isa = PBXGroup;
			children = (
				F4F0EF5D235A41C7003410B9 /* AppDelegate.swift */,
				F4F0EF5F235A41C7003410B9 /* SceneDelegate.swift */,
				F48DC29223669FF800D2DC49 /* Helpers */,
				F48DC29123669FBD00D2DC49 /* Controller */,
				F48DC28F23669F8900D2DC49 /* Model */,
				F48DC29023669FA100D2DC49 /* View */,
				F48DC2932366A02400D2DC49 /* Resources */,
				F4F144B223EB0C0C0002AFFA /* GoogleService-Info.plist */,
				F4F0EF6B235A41C7003410B9 /* Info.plist */,
			);
			path = VKClient;
			sourceTree = "<group>";
		};
/* End PBXGroup section */

/* Begin PBXNativeTarget section */
		F4F0EF59235A41C7003410B9 /* VKClient */ = {
			isa = PBXNativeTarget;
			buildConfigurationList = F4F0EF6E235A41C7003410B9 /* Build configuration list for PBXNativeTarget "VKClient" */;
			buildPhases = (
				640A11C93273280706044A57 /* [CP] Check Pods Manifest.lock */,
				F4F0EF56235A41C7003410B9 /* Sources */,
				F4F0EF57235A41C7003410B9 /* Frameworks */,
				F4F0EF58235A41C7003410B9 /* Resources */,
				8CADEFE93037D5AAC1155934 /* [CP] Embed Pods Frameworks */,
			);
			buildRules = (
			);
			dependencies = (
			);
			name = VKClient;
			productName = VKClient;
			productReference = F4F0EF5A235A41C7003410B9 /* VKClient.app */;
			productType = "com.apple.product-type.application";
		};
/* End PBXNativeTarget section */

/* Begin PBXProject section */
		F4F0EF52235A41C7003410B9 /* Project object */ = {
			isa = PBXProject;
			attributes = {
				LastSwiftUpdateCheck = 1110;
				LastUpgradeCheck = 1110;
				ORGANIZATIONNAME = "Пазин Даниил";
				TargetAttributes = {
					F4F0EF59235A41C7003410B9 = {
						CreatedOnToolsVersion = 11.1;
					};
				};
			};
			buildConfigurationList = F4F0EF55235A41C7003410B9 /* Build configuration list for PBXProject "VKClient" */;
			compatibilityVersion = "Xcode 9.3";
			developmentRegion = en;
			hasScannedForEncodings = 0;
			knownRegions = (
				en,
				Base,
			);
			mainGroup = F4F0EF51235A41C7003410B9;
			productRefGroup = F4F0EF5B235A41C7003410B9 /* Products */;
			projectDirPath = "";
			projectRoot = "";
			targets = (
				F4F0EF59235A41C7003410B9 /* VKClient */,
			);
		};
/* End PBXProject section */

/* Begin PBXResourcesBuildPhase section */
		F4F0EF58235A41C7003410B9 /* Resources */ = {
			isa = PBXResourcesBuildPhase;
			buildActionMask = 2147483647;
			files = (
				F4F0EF6A235A41C7003410B9 /* LaunchScreen.storyboard in Resources */,
				F44E50522379DD800003B96B /* FriendXibCell.xib in Resources */,
				F4F144B323EB0C0C0002AFFA /* GoogleService-Info.plist in Resources */,
				F4F0EF67235A41C7003410B9 /* Assets.xcassets in Resources */,
				F4F0EF65235A41C7003410B9 /* Main.storyboard in Resources */,
			);
			runOnlyForDeploymentPostprocessing = 0;
		};
/* End PBXResourcesBuildPhase section */

/* Begin PBXShellScriptBuildPhase section */
		640A11C93273280706044A57 /* [CP] Check Pods Manifest.lock */ = {
			isa = PBXShellScriptBuildPhase;
			buildActionMask = 2147483647;
			files = (
			);
			inputFileListPaths = (
			);
			inputPaths = (
				"${PODS_PODFILE_DIR_PATH}/Podfile.lock",
				"${PODS_ROOT}/Manifest.lock",
			);
			name = "[CP] Check Pods Manifest.lock";
			outputFileListPaths = (
			);
			outputPaths = (
				"$(DERIVED_FILE_DIR)/Pods-VKClient-checkManifestLockResult.txt",
			);
			runOnlyForDeploymentPostprocessing = 0;
			shellPath = /bin/sh;
			shellScript = "diff \"${PODS_PODFILE_DIR_PATH}/Podfile.lock\" \"${PODS_ROOT}/Manifest.lock\" > /dev/null\nif [ $? != 0 ] ; then\n    # print error to STDERR\n    echo \"error: The sandbox is not in sync with the Podfile.lock. Run 'pod install' or update your CocoaPods installation.\" >&2\n    exit 1\nfi\n# This output is used by Xcode 'outputs' to avoid re-running this script phase.\necho \"SUCCESS\" > \"${SCRIPT_OUTPUT_FILE_0}\"\n";
			showEnvVarsInLog = 0;
		};
		8CADEFE93037D5AAC1155934 /* [CP] Embed Pods Frameworks */ = {
			isa = PBXShellScriptBuildPhase;
			buildActionMask = 2147483647;
			files = (
			);
			inputFileListPaths = (
				"${PODS_ROOT}/Target Support Files/Pods-VKClient/Pods-VKClient-frameworks-${CONFIGURATION}-input-files.xcfilelist",
			);
			name = "[CP] Embed Pods Frameworks";
			outputFileListPaths = (
				"${PODS_ROOT}/Target Support Files/Pods-VKClient/Pods-VKClient-frameworks-${CONFIGURATION}-output-files.xcfilelist",
			);
			runOnlyForDeploymentPostprocessing = 0;
			shellPath = /bin/sh;
			shellScript = "\"${PODS_ROOT}/Target Support Files/Pods-VKClient/Pods-VKClient-frameworks.sh\"\n";
			showEnvVarsInLog = 0;
		};
/* End PBXShellScriptBuildPhase section */

/* Begin PBXSourcesBuildPhase section */
		F4F0EF56235A41C7003410B9 /* Sources */ = {
			isa = PBXSourcesBuildPhase;
			buildActionMask = 2147483647;
			files = (
				F41494772389D21E005C55E3 /* LoadView.swift in Sources */,
				F49374AA236386D30056C8F3 /* GroupCell.swift in Sources */,
				F421679E23DDF6A100F600D3 /* UserRepository.swift in Sources */,
				F446D58723713ADF00A1EE56 /* LikeControl.swift in Sources */,
				F4BFE28C23D376A2002D27AD /* User.swift in Sources */,
				F43EC10F23D3705E002267B8 /* Photo.swift in Sources */,
				F40A809B23E1FBF500C17708 /* GroupRepository.swift in Sources */,
				F429DA09236626010020B95A /* MyFriendProfileController.swift in Sources */,
				F42AEB6D235E258D00CA08D1 /* UIViewController+Extensions.swift in Sources */,
				F43EC11123D37068002267B8 /* GroupsRealm.swift in Sources */,
				F49374AE236388C20056C8F3 /* AllGroupsController.swift in Sources */,
				F460871D23871125006C40F1 /* NewsViewCell.swift in Sources */,
				F4E7243F23D3014F006DBACC /* VKApi.swift in Sources */,
				F41494792389D380005C55E3 /* AnimationLoadViewController.swift in Sources */,
				F49374A42363681C0056C8F3 /* FriendsController.swift in Sources */,
				B0594AD123FB0BFF00F2C4E6 /* NewsItem.swift in Sources */,
				F4FF3FF923E4ABA700FF2051 /* CommonResponse.swift in Sources */,
				F45378F323CE3728005C22C3 /* NewLoginController.swift in Sources */,
				F49374AC236387EA0056C8F3 /* GroupsItem.swift in Sources */,
				F4F0EF62235A41C7003410B9 /* LoginController.swift in Sources */,
				F429DA0B2366271B0020B95A /* FriendProfileCell.swift in Sources */,
				F49374A2236367DB0056C8F3 /* MyGroupsController.swift in Sources */,
				F4F0EF5E235A41C7003410B9 /* AppDelegate.swift in Sources */,
				F4F0EF60235A41C7003410B9 /* SceneDelegate.swift in Sources */,
				F44E50512379DD800003B96B /* FriendXibCell.swift in Sources */,
				F4B0BD1023CA51040031A10D /* Session.swift in Sources */,
				F460871B23870FD0006C40F1 /* NewsViewController.swift in Sources */,
				F49374A8236379670056C8F3 /* Friend.swift in Sources */,
			);
			runOnlyForDeploymentPostprocessing = 0;
		};
/* End PBXSourcesBuildPhase section */

/* Begin PBXVariantGroup section */
		F4F0EF63235A41C7003410B9 /* Main.storyboard */ = {
			isa = PBXVariantGroup;
			children = (
				F4F0EF64235A41C7003410B9 /* Base */,
			);
			name = Main.storyboard;
			sourceTree = "<group>";
		};
		F4F0EF68235A41C7003410B9 /* LaunchScreen.storyboard */ = {
			isa = PBXVariantGroup;
			children = (
				F4F0EF69235A41C7003410B9 /* Base */,
			);
			name = LaunchScreen.storyboard;
			sourceTree = "<group>";
		};
/* End PBXVariantGroup section */

/* Begin XCBuildConfiguration section */
		F4F0EF6C235A41C7003410B9 /* Debug */ = {
			isa = XCBuildConfiguration;
			buildSettings = {
				ALWAYS_SEARCH_USER_PATHS = NO;
				CLANG_ANALYZER_NONNULL = YES;
				CLANG_ANALYZER_NUMBER_OBJECT_CONVERSION = YES_AGGRESSIVE;
				CLANG_CXX_LANGUAGE_STANDARD = "gnu++14";
				CLANG_CXX_LIBRARY = "libc++";
				CLANG_ENABLE_MODULES = YES;
				CLANG_ENABLE_OBJC_ARC = YES;
				CLANG_ENABLE_OBJC_WEAK = YES;
				CLANG_WARN_BLOCK_CAPTURE_AUTORELEASING = YES;
				CLANG_WARN_BOOL_CONVERSION = YES;
				CLANG_WARN_COMMA = YES;
				CLANG_WARN_CONSTANT_CONVERSION = YES;
				CLANG_WARN_DEPRECATED_OBJC_IMPLEMENTATIONS = YES;
				CLANG_WARN_DIRECT_OBJC_ISA_USAGE = YES_ERROR;
				CLANG_WARN_DOCUMENTATION_COMMENTS = YES;
				CLANG_WARN_EMPTY_BODY = YES;
				CLANG_WARN_ENUM_CONVERSION = YES;
				CLANG_WARN_INFINITE_RECURSION = YES;
				CLANG_WARN_INT_CONVERSION = YES;
				CLANG_WARN_NON_LITERAL_NULL_CONVERSION = YES;
				CLANG_WARN_OBJC_IMPLICIT_RETAIN_SELF = YES;
				CLANG_WARN_OBJC_LITERAL_CONVERSION = YES;
				CLANG_WARN_OBJC_ROOT_CLASS = YES_ERROR;
				CLANG_WARN_RANGE_LOOP_ANALYSIS = YES;
				CLANG_WARN_STRICT_PROTOTYPES = YES;
				CLANG_WARN_SUSPICIOUS_MOVE = YES;
				CLANG_WARN_UNGUARDED_AVAILABILITY = YES_AGGRESSIVE;
				CLANG_WARN_UNREACHABLE_CODE = YES;
				CLANG_WARN__DUPLICATE_METHOD_MATCH = YES;
				COPY_PHASE_STRIP = NO;
				DEBUG_INFORMATION_FORMAT = dwarf;
				ENABLE_STRICT_OBJC_MSGSEND = YES;
				ENABLE_TESTABILITY = YES;
				GCC_C_LANGUAGE_STANDARD = gnu11;
				GCC_DYNAMIC_NO_PIC = NO;
				GCC_NO_COMMON_BLOCKS = YES;
				GCC_OPTIMIZATION_LEVEL = 0;
				GCC_PREPROCESSOR_DEFINITIONS = (
					"DEBUG=1",
					"$(inherited)",
				);
				GCC_WARN_64_TO_32_BIT_CONVERSION = YES;
				GCC_WARN_ABOUT_RETURN_TYPE = YES_ERROR;
				GCC_WARN_UNDECLARED_SELECTOR = YES;
				GCC_WARN_UNINITIALIZED_AUTOS = YES_AGGRESSIVE;
				GCC_WARN_UNUSED_FUNCTION = YES;
				GCC_WARN_UNUSED_VARIABLE = YES;
				IPHONEOS_DEPLOYMENT_TARGET = 13.1;
				MTL_ENABLE_DEBUG_INFO = INCLUDE_SOURCE;
				MTL_FAST_MATH = YES;
				ONLY_ACTIVE_ARCH = YES;
				SDKROOT = iphoneos;
				SWIFT_ACTIVE_COMPILATION_CONDITIONS = DEBUG;
				SWIFT_OPTIMIZATION_LEVEL = "-Onone";
			};
			name = Debug;
		};
		F4F0EF6D235A41C7003410B9 /* Release */ = {
			isa = XCBuildConfiguration;
			buildSettings = {
				ALWAYS_SEARCH_USER_PATHS = NO;
				CLANG_ANALYZER_NONNULL = YES;
				CLANG_ANALYZER_NUMBER_OBJECT_CONVERSION = YES_AGGRESSIVE;
				CLANG_CXX_LANGUAGE_STANDARD = "gnu++14";
				CLANG_CXX_LIBRARY = "libc++";
				CLANG_ENABLE_MODULES = YES;
				CLANG_ENABLE_OBJC_ARC = YES;
				CLANG_ENABLE_OBJC_WEAK = YES;
				CLANG_WARN_BLOCK_CAPTURE_AUTORELEASING = YES;
				CLANG_WARN_BOOL_CONVERSION = YES;
				CLANG_WARN_COMMA = YES;
				CLANG_WARN_CONSTANT_CONVERSION = YES;
				CLANG_WARN_DEPRECATED_OBJC_IMPLEMENTATIONS = YES;
				CLANG_WARN_DIRECT_OBJC_ISA_USAGE = YES_ERROR;
				CLANG_WARN_DOCUMENTATION_COMMENTS = YES;
				CLANG_WARN_EMPTY_BODY = YES;
				CLANG_WARN_ENUM_CONVERSION = YES;
				CLANG_WARN_INFINITE_RECURSION = YES;
				CLANG_WARN_INT_CONVERSION = YES;
				CLANG_WARN_NON_LITERAL_NULL_CONVERSION = YES;
				CLANG_WARN_OBJC_IMPLICIT_RETAIN_SELF = YES;
				CLANG_WARN_OBJC_LITERAL_CONVERSION = YES;
				CLANG_WARN_OBJC_ROOT_CLASS = YES_ERROR;
				CLANG_WARN_RANGE_LOOP_ANALYSIS = YES;
				CLANG_WARN_STRICT_PROTOTYPES = YES;
				CLANG_WARN_SUSPICIOUS_MOVE = YES;
				CLANG_WARN_UNGUARDED_AVAILABILITY = YES_AGGRESSIVE;
				CLANG_WARN_UNREACHABLE_CODE = YES;
				CLANG_WARN__DUPLICATE_METHOD_MATCH = YES;
				COPY_PHASE_STRIP = NO;
				DEBUG_INFORMATION_FORMAT = "dwarf-with-dsym";
				ENABLE_NS_ASSERTIONS = NO;
				ENABLE_STRICT_OBJC_MSGSEND = YES;
				GCC_C_LANGUAGE_STANDARD = gnu11;
				GCC_NO_COMMON_BLOCKS = YES;
				GCC_WARN_64_TO_32_BIT_CONVERSION = YES;
				GCC_WARN_ABOUT_RETURN_TYPE = YES_ERROR;
				GCC_WARN_UNDECLARED_SELECTOR = YES;
				GCC_WARN_UNINITIALIZED_AUTOS = YES_AGGRESSIVE;
				GCC_WARN_UNUSED_FUNCTION = YES;
				GCC_WARN_UNUSED_VARIABLE = YES;
				IPHONEOS_DEPLOYMENT_TARGET = 13.1;
				MTL_ENABLE_DEBUG_INFO = NO;
				MTL_FAST_MATH = YES;
				SDKROOT = iphoneos;
				SWIFT_COMPILATION_MODE = wholemodule;
				SWIFT_OPTIMIZATION_LEVEL = "-O";
				VALIDATE_PRODUCT = YES;
			};
			name = Release;
		};
		F4F0EF6F235A41C7003410B9 /* Debug */ = {
			isa = XCBuildConfiguration;
			baseConfigurationReference = BA56AD59D14A686CD412D203 /* Pods-VKClient.debug.xcconfig */;
			buildSettings = {
				ASSETCATALOG_COMPILER_APPICON_NAME = AppIcon;
				CODE_SIGN_STYLE = Automatic;
				DEVELOPMENT_TEAM = TUN64ZVFJ6;
				INFOPLIST_FILE = VKClient/Info.plist;
				IPHONEOS_DEPLOYMENT_TARGET = 13.0;
				LD_RUNPATH_SEARCH_PATHS = (
					"$(inherited)",
					"@executable_path/Frameworks",
				);
				PRODUCT_BUNDLE_IDENTIFIER = com.daniilpazin.VKClient;
				PRODUCT_NAME = "$(TARGET_NAME)";
				SWIFT_VERSION = 5.0;
				TARGETED_DEVICE_FAMILY = "1,2";
			};
			name = Debug;
		};
		F4F0EF70235A41C7003410B9 /* Release */ = {
			isa = XCBuildConfiguration;
			baseConfigurationReference = 3BC58F991E6960EEA1497BF6 /* Pods-VKClient.release.xcconfig */;
			buildSettings = {
				ASSETCATALOG_COMPILER_APPICON_NAME = AppIcon;
				CODE_SIGN_STYLE = Automatic;
				DEVELOPMENT_TEAM = TUN64ZVFJ6;
				INFOPLIST_FILE = VKClient/Info.plist;
				IPHONEOS_DEPLOYMENT_TARGET = 13.0;
				LD_RUNPATH_SEARCH_PATHS = (
					"$(inherited)",
					"@executable_path/Frameworks",
				);
				PRODUCT_BUNDLE_IDENTIFIER = com.daniilpazin.VKClient;
				PRODUCT_NAME = "$(TARGET_NAME)";
				SWIFT_VERSION = 5.0;
				TARGETED_DEVICE_FAMILY = "1,2";
			};
			name = Release;
		};
/* End XCBuildConfiguration section */

/* Begin XCConfigurationList section */
		F4F0EF55235A41C7003410B9 /* Build configuration list for PBXProject "VKClient" */ = {
			isa = XCConfigurationList;
			buildConfigurations = (
				F4F0EF6C235A41C7003410B9 /* Debug */,
				F4F0EF6D235A41C7003410B9 /* Release */,
			);
			defaultConfigurationIsVisible = 0;
			defaultConfigurationName = Release;
		};
		F4F0EF6E235A41C7003410B9 /* Build configuration list for PBXNativeTarget "VKClient" */ = {
			isa = XCConfigurationList;
			buildConfigurations = (
				F4F0EF6F235A41C7003410B9 /* Debug */,
				F4F0EF70235A41C7003410B9 /* Release */,
			);
			defaultConfigurationIsVisible = 0;
			defaultConfigurationName = Release;
		};
/* End XCConfigurationList section */
	};
	rootObject = F4F0EF52235A41C7003410B9 /* Project object */;
}
