PODS:
  - Alamofire (5.0.0-rc.3)
  - Realm (4.3.1):
    - Realm/Headers (= 4.3.1)
  - Realm/Headers (4.3.1)
  - RealmSwift (4.3.1):
    - Realm (= 4.3.1)

DEPENDENCIES:
  - Alamofire (~> 5.0.0-rc.3)
  - RealmSwift

SPEC REPOS:
  trunk:
    - Alamofire
    - Realm
    - RealmSwift

SPEC CHECKSUMS:
  Alamofire: ca8c0de6906873be89d6deec5c8de279e00bf872
  Realm: 31dc40934081ef740f60feedc46d88473cbfeb40
  RealmSwift: b5199e9a41f67b99f51acf6874a6166f5fbe93d1

PODFILE CHECKSUM: 92fd9b6dc05316acb7bb524e400fcccc615f2893

COCOAPODS: 1.8.4
